{
    "_readme": [
        "This file locks the dependencies of your project to a known state",
        "Read more about it at https://getcomposer.org/doc/01-basic-usage.md#installing-dependencies",
        "This file is @generated automatically"
    ],
    "content-hash": "385f06742b14cd8d9a80977358066712",
    "packages": [
        {
            "name": "bcosca/fatfree-core",
            "version": "3.9.0",
            "source": {
                "type": "git",
                "url": "https://github.com/f3-factory/fatfree-core.git",
                "reference": "227b3b03315ab86b1601d9e9fd8e07efbedf6ab9"
            },
            "dist": {
                "type": "zip",
                "url": "https://api.github.com/repos/f3-factory/fatfree-core/zipball/227b3b03315ab86b1601d9e9fd8e07efbedf6ab9",
                "reference": "227b3b03315ab86b1601d9e9fd8e07efbedf6ab9",
                "shasum": ""
            },
            "require": {
                "php": ">=7.2"
            },
            "type": "library",
            "autoload": {
                "classmap": [
                    "."
                ]
            },
            "notification-url": "https://packagist.org/downloads/",
            "license": [
                "GPL-3.0"
            ],
            "description": "A powerful yet easy-to-use PHP micro-framework designed to help you build dynamic and robust Web applications - fast!",
            "homepage": "http://fatfreeframework.com/",
            "support": {
                "issues": "https://github.com/f3-factory/fatfree-core/issues",
                "source": "https://github.com/f3-factory/fatfree-core/tree/3.9.0"
            },
            "funding": [
                {
                    "url": "https://www.buymeacoffee.com/ikkez",
                    "type": "buy_me_a_coffee"
                },
                {
                    "url": "https://github.com/ikkez",
                    "type": "github"
                }
            ],
            "time": "2024-12-31T17:11:04+00:00"
        },
        {
            "name": "wood51/f3-route",
            "version": "v1.0",
            "source": {
                "type": "git",
                "url": "https://github.com/wood51/f3-route.git",
                "reference": "17787117909c2af7674a3196d8fbf7e2e0c5f834"
            },
            "dist": {
                "type": "zip",
                "url": "https://api.github.com/repos/wood51/f3-route/zipball/17787117909c2af7674a3196d8fbf7e2e0c5f834",
                "reference": "17787117909c2af7674a3196d8fbf7e2e0c5f834",
                "shasum": ""
            },
            "type": "library",
            "autoload": {
                "classmap": [
                    "src/"
                ]
            },
            "notification-url": "https://packagist.org/downloads/",
            "license": [
                "MIT"
            ],
            "description": "Un plugin pour Fat-Free Framework",
            "support": {
                "issues": "https://github.com/wood51/f3-route/issues",
                "source": "https://github.com/wood51/f3-route/tree/v1.0"
            },
            "time": "2024-12-31T05:57:51+00:00"
        }
    ],
    "packages-dev": [],
    "aliases": [],
    "minimum-stability": "dev",
    "stability-flags": [],
    "prefer-stable": true,
    "prefer-lowest": false,
    "platform": [],
    "platform-dev": [],
    "plugin-api-version": "2.6.0"
}
